
Microsoft Visual Studio Solution File, Format Version 12.00
# Visual Studio Version 17
VisualStudioVersion = 17.13.35931.197
MinimumVisualStudioVersion = 10.0.40219.1
Project("{FAE04EC0-301F-11D3-BF4B-00C04F79EFBC}") = "App", "App\App.csproj", "{73D843FB-E4B7-454E-A47F-062E1D78B3BE}"
EndProject
Global
	GlobalSection(SolutionConfigurationPlatforms) = preSolution
		Debug|Any CPU = Debug|Any CPU
		Release|Any CPU = Release|Any CPU
	EndGlobalSection
	GlobalSection(ProjectConfigurationPlatforms) = postSolution
		{73D843FB-E4B7-454E-A47F-062E1D78B3BE}.Debug|Any CPU.ActiveCfg = Debug|Any CPU
		{73D843FB-E4B7-454E-A47F-062E1D78B3BE}.Debug|Any CPU.Build.0 = Debug|Any CPU
		{73D843FB-E4B7-454E-A47F-062E1D78B3BE}.Release|Any CPU.ActiveCfg = Release|Any CPU
		{73D843FB-E4B7-454E-A47F-062E1D78B3BE}.Release|Any CPU.Build.0 = Release|Any CPU
	EndGlobalSection
	GlobalSection(SolutionProperties) = preSolution
		HideSolutionNode = FALSE
	EndGlobalSection
	GlobalSection(ExtensibilityGlobals) = postSolution
		SolutionGuid = {B9CE9328-A24E-417C-9ABC-6AC33961BB5A}
	EndGlobalSection
EndGlobal
